{
    "_readme": [
        "This file locks the dependencies of your project to a known state",
        "Read more about it at https://getcomposer.org/doc/01-basic-usage.md#installing-dependencies",
        "This file is @generated automatically"
    ],
    "content-hash": "1b89267575d9c56ec80ace9f084df0cf",
    "packages": [
        {
            "name": "carlosocarvalho/flysystem-cloudinary",
            "version": "v2.0.2",
            "source": {
                "type": "git",
                "url": "https://github.com/carlosocarvalho/flysystem-cloudinary.git",
                "reference": "b39a6131acae39bc44d54f955905ac46aa39911c"
            },
            "dist": {
                "type": "zip",
                "url": "https://api.github.com/repos/carlosocarvalho/flysystem-cloudinary/zipball/b39a6131acae39bc44d54f955905ac46aa39911c",
                "reference": "b39a6131acae39bc44d54f955905ac46aa39911c",
                "shasum": ""
            },
            "require": {
                "cloudinary/cloudinary_php": "^1.19",
                "league/flysystem": "^2.0",
                "php": ">=7.2"
            },
            "require-dev": {
                "mockery/mockery": "0.9.*",
                "phpunit/php-code-coverage": "9.2.*",
                "phpunit/phpunit": "9.5.*",
                "symfony/var-dumper": "^3.4.39",
                "vlucas/phpdotenv": "^4.1"
            },
            "type": "library",
            "autoload": {
                "psr-4": {
                    "CarlosOCarvalho\\Flysystem\\Cloudinary\\": "src/",
                    "CarlosOCarvalho\\Flysystem\\Cloudinary\\Test\\": "tests/"
                }
            },
            "notification-url": "https://packagist.org/downloads/",
            "license": [
                "MIT"
            ],
            "authors": [
                {
                    "name": "carlosocarvalho",
                    "email": "carlosocarvalho.com.br@gmail.com",
                    "homepage": "https://carlosocarvalho.com.br",
                    "role": "Owner"
                }
            ],
            "description": "Flysystem adapter for Cloudinary",
            "homepage": "http://carlosocarvalho.github.io/flysystem-cloudinary",
            "keywords": [
                "Flysystem",
                "cloudinary"
            ],
            "support": {
                "issues": "https://github.com/carlosocarvalho/flysystem-cloudinary/issues",
                "source": "https://github.com/carlosocarvalho/flysystem-cloudinary/tree/v2.0.2"
            },
            "time": "2021-06-30T14:50:53+00:00"
        },
        {
            "name": "cloudinary/cloudinary_php",
            "version": "1.20.1",
            "source": {
                "type": "git",
                "url": "https://github.com/cloudinary/cloudinary_php.git",
                "reference": "94516fe6d0a43645e964b38d78d5f4555dbd192d"
            },
            "dist": {
                "type": "zip",
                "url": "https://api.github.com/repos/cloudinary/cloudinary_php/zipball/94516fe6d0a43645e964b38d78d5f4555dbd192d",
                "reference": "94516fe6d0a43645e964b38d78d5f4555dbd192d",
                "shasum": ""
            },
            "require": {
                "ext-curl": "*",
                "ext-json": "*",
                "php": ">=5.4.0"
            },
            "require-dev": {
                "ext-zip": "*",
                "phpunit/phpunit": "4.8.*"
            },
            "type": "library",
            "autoload": {
                "files": [
                    "src/Helpers.php"
                ],
                "classmap": [
                    "src"
                ]
            },
            "notification-url": "https://packagist.org/downloads/",
            "license": [
                "MIT"
            ],
            "authors": [
                {
                    "name": "Cloudinary",
                    "homepage": "https://github.com/cloudinary/cloudinary_php/graphs/contributors"
                }
            ],
            "description": "Cloudinary PHP SDK",
            "homepage": "https://github.com/cloudinary/cloudinary_php",
            "keywords": [
                "cdn",
                "cloud",
                "cloudinary",
                "image management",
                "sdk"
            ],
            "support": {
                "email": "info@cloudinary.com",
                "issues": "https://github.com/cloudinary/cloudinary_php/issues",
                "source": "https://github.com/cloudinary/cloudinary_php/tree/1.20.1"
            },
            "time": "2022-02-01T08:35:49+00:00"
        },
        {
            "name": "league/flysystem",
            "version": "2.4.2",
            "source": {
                "type": "git",
                "url": "https://github.com/thephpleague/flysystem.git",
                "reference": "ca8e4c10535be5c59c03f491310b60b9d6a60e24"
            },
            "dist": {
                "type": "zip",
                "url": "https://api.github.com/repos/thephpleague/flysystem/zipball/ca8e4c10535be5c59c03f491310b60b9d6a60e24",
                "reference": "ca8e4c10535be5c59c03f491310b60b9d6a60e24",
                "shasum": ""
            },
            "require": {
                "ext-json": "*",
                "league/mime-type-detection": "^1.0.0",
                "php": "^7.2 || ^8.0"
            },
            "conflict": {
                "guzzlehttp/ringphp": "<1.1.1"
            },
            "require-dev": {
                "async-aws/s3": "^1.5",
                "async-aws/simple-s3": "^1.0",
                "aws/aws-sdk-php": "^3.132.4",
                "composer/semver": "^3.0",
                "ext-fileinfo": "*",
                "ext-ftp": "*",
                "friendsofphp/php-cs-fixer": "^3.2",
                "google/cloud-storage": "^1.23",
                "phpseclib/phpseclib": "^2.0",
                "phpstan/phpstan": "^0.12.26",
                "phpunit/phpunit": "^8.5 || ^9.4",
                "sabre/dav": "^4.1"
            },
            "type": "library",
            "autoload": {
                "psr-4": {
                    "League\\Flysystem\\": "src"
                }
            },
            "notification-url": "https://packagist.org/downloads/",
            "license": [
                "MIT"
            ],
            "authors": [
                {
                    "name": "Frank de Jonge",
                    "email": "info@frankdejonge.nl"
                }
            ],
            "description": "File storage abstraction for PHP",
            "keywords": [
                "WebDAV",
                "aws",
                "cloud",
                "file",
                "files",
                "filesystem",
                "filesystems",
                "ftp",
                "s3",
                "sftp",
                "storage"
            ],
            "support": {
                "issues": "https://github.com/thephpleague/flysystem/issues",
                "source": "https://github.com/thephpleague/flysystem/tree/2.4.2"
            },
            "funding": [
                {
                    "url": "https://offset.earth/frankdejonge",
                    "type": "custom"
                },
                {
                    "url": "https://github.com/frankdejonge",
                    "type": "github"
                },
                {
                    "url": "https://tidelift.com/funding/github/packagist/league/flysystem",
                    "type": "tidelift"
                }
            ],
            "time": "2022-01-31T19:40:25+00:00"
        },
        {
            "name": "league/mime-type-detection",
            "version": "1.9.0",
            "source": {
                "type": "git",
                "url": "https://github.com/thephpleague/mime-type-detection.git",
                "reference": "aa70e813a6ad3d1558fc927863d47309b4c23e69"
            },
            "dist": {
                "type": "zip",
                "url": "https://api.github.com/repos/thephpleague/mime-type-detection/zipball/aa70e813a6ad3d1558fc927863d47309b4c23e69",
                "reference": "aa70e813a6ad3d1558fc927863d47309b4c23e69",
                "shasum": ""
            },
            "require": {
                "ext-fileinfo": "*",
                "php": "^7.2 || ^8.0"
            },
            "require-dev": {
                "friendsofphp/php-cs-fixer": "^3.2",
                "phpstan/phpstan": "^0.12.68",
                "phpunit/phpunit": "^8.5.8 || ^9.3"
            },
            "type": "library",
            "autoload": {
                "psr-4": {
                    "League\\MimeTypeDetection\\": "src"
                }
            },
            "notification-url": "https://packagist.org/downloads/",
            "license": [
                "MIT"
            ],
            "authors": [
                {
                    "name": "Frank de Jonge",
                    "email": "info@frankdejonge.nl"
                }
            ],
            "description": "Mime-type detection for Flysystem",
            "support": {
                "issues": "https://github.com/thephpleague/mime-type-detection/issues",
                "source": "https://github.com/thephpleague/mime-type-detection/tree/1.9.0"
            },
            "funding": [
                {
                    "url": "https://github.com/frankdejonge",
                    "type": "github"
                },
                {
                    "url": "https://tidelift.com/funding/github/packagist/league/flysystem",
                    "type": "tidelift"
                }
            ],
            "time": "2021-11-21T11:48:40+00:00"
        }
    ],
    "packages-dev": [],
    "aliases": [],
    "minimum-stability": "stable",
    "stability-flags": [],
    "prefer-stable": false,
    "prefer-lowest": false,
    "platform": [],
    "platform-dev": [],
    "plugin-api-version": "2.2.0"
}
